
Microsoft Visual Studio Solution File, Format Version 12.00
# Visual Studio 15
VisualStudioVersion = 15.0.26228.12
MinimumVisualStudioVersion = 10.0.40219.1
Project("{FAE04EC0-301F-11D3-BF4B-00C04F79EFBC}") = "Nest.Queryify", "src\Nest.Queryify\Nest.Queryify.csproj", "{70F41783-BD20-4C56-941A-E370ED41D397}"
EndProject
Project("{2150E333-8FDC-42A3-9474-1A3956D46DE8}") = "src", "src", "{4F70AD04-ACBB-45A8-9361-B240FDAA6154}"
EndProject
Project("{2150E333-8FDC-42A3-9474-1A3956D46DE8}") = "tests", "tests", "{B851DD22-E4FB-4F42-9579-21FEDBAD11BD}"
EndProject
Project("{9A19103F-16F7-4668-BE54-9A1E7A4F7556}") = "Nest.Queryify.Tests", "tests\Nest.Queryify.Tests\Nest.Queryify.Tests.csproj", "{641A95FD-C70B-4925-AD19-EC410E52BF6F}"
EndProject
Global
	GlobalSection(SolutionConfigurationPlatforms) = preSolution
		Debug|Any CPU = Debug|Any CPU
		Release|Any CPU = Release|Any CPU
	EndGlobalSection
	GlobalSection(ProjectConfigurationPlatforms) = postSolution
		{70F41783-BD20-4C56-941A-E370ED41D397}.Debug|Any CPU.ActiveCfg = Debug|Any CPU
		{70F41783-BD20-4C56-941A-E370ED41D397}.Debug|Any CPU.Build.0 = Debug|Any CPU
		{70F41783-BD20-4C56-941A-E370ED41D397}.Release|Any CPU.ActiveCfg = Release|Any CPU
		{70F41783-BD20-4C56-941A-E370ED41D397}.Release|Any CPU.Build.0 = Release|Any CPU
		{641A95FD-C70B-4925-AD19-EC410E52BF6F}.Debug|Any CPU.ActiveCfg = Debug|Any CPU
		{641A95FD-C70B-4925-AD19-EC410E52BF6F}.Debug|Any CPU.Build.0 = Debug|Any CPU
		{641A95FD-C70B-4925-AD19-EC410E52BF6F}.Release|Any CPU.ActiveCfg = Release|Any CPU
		{641A95FD-C70B-4925-AD19-EC410E52BF6F}.Release|Any CPU.Build.0 = Release|Any CPU
	EndGlobalSection
	GlobalSection(SolutionProperties) = preSolution
		HideSolutionNode = FALSE
	EndGlobalSection
	GlobalSection(NestedProjects) = preSolution
		{70F41783-BD20-4C56-941A-E370ED41D397} = {4F70AD04-ACBB-45A8-9361-B240FDAA6154}
		{641A95FD-C70B-4925-AD19-EC410E52BF6F} = {B851DD22-E4FB-4F42-9579-21FEDBAD11BD}
	EndGlobalSection
EndGlobal
